
Microsoft Visual Studio Solution File, Format Version 12.00
# Visual Studio Version 17
VisualStudioVersion = 17.9.34714.143
MinimumVisualStudioVersion = 10.0.40219.1
Project("{9A19103F-16F7-4668-BE54-9A1E7A4F7556}") = "FizzBuzz", "FizzBuzz\FizzBuzz.csproj", "{56949734-D608-4B63-B594-61613EB3C6C5}"
EndProject
Project("{FAE04EC0-301F-11D3-BF4B-00C04F79EFBC}") = "ntestFizzBuzz", "ntestFizzBuzz\ntestFizzBuzz.csproj", "{669252EB-268B-4A52-A6BA-72B45F17231F}"
EndProject
Global
	GlobalSection(SolutionConfigurationPlatforms) = preSolution
		Debug|Any CPU = Debug|Any CPU
		Release|Any CPU = Release|Any CPU
	EndGlobalSection
	GlobalSection(ProjectConfigurationPlatforms) = postSolution
		{56949734-D608-4B63-B594-61613EB3C6C5}.Debug|Any CPU.ActiveCfg = Debug|Any CPU
		{56949734-D608-4B63-B594-61613EB3C6C5}.Debug|Any CPU.Build.0 = Debug|Any CPU
		{56949734-D608-4B63-B594-61613EB3C6C5}.Release|Any CPU.ActiveCfg = Release|Any CPU
		{56949734-D608-4B63-B594-61613EB3C6C5}.Release|Any CPU.Build.0 = Release|Any CPU
		{669252EB-268B-4A52-A6BA-72B45F17231F}.Debug|Any CPU.ActiveCfg = Debug|Any CPU
		{669252EB-268B-4A52-A6BA-72B45F17231F}.Debug|Any CPU.Build.0 = Debug|Any CPU
		{669252EB-268B-4A52-A6BA-72B45F17231F}.Release|Any CPU.ActiveCfg = Release|Any CPU
		{669252EB-268B-4A52-A6BA-72B45F17231F}.Release|Any CPU.Build.0 = Release|Any CPU
	EndGlobalSection
	GlobalSection(SolutionProperties) = preSolution
		HideSolutionNode = FALSE
	EndGlobalSection
	GlobalSection(ExtensibilityGlobals) = postSolution
		SolutionGuid = {BA52104D-B0FB-45B4-8788-B269BF3BF23D}
	EndGlobalSection
EndGlobal
